// !$*UTF8*$!
{
	archiveVersion = 1;
	classes = {
	};
	objectVersion = 56;
	objects = {

/* Begin PBXBuildFile section */
		3A9A2A8D2C2CC3B000DDF8BC /* AppDelegate.swift in Sources */ = {isa = PBXBuildFile; fileRef = 3A9A2A8C2C2CC3B000DDF8BC /* AppDelegate.swift */; };
		3A9A2A8F2C2CC3B000DDF8BC /* SceneDelegate.swift in Sources */ = {isa = PBXBuildFile; fileRef = 3A9A2A8E2C2CC3B000DDF8BC /* SceneDelegate.swift */; };
		3A9A2A912C2CC3B000DDF8BC /* ViewController.swift in Sources */ = {isa = PBXBuildFile; fileRef = 3A9A2A902C2CC3B000DDF8BC /* ViewController.swift */; };
		3A9A2A942C2CC3B000DDF8BC /* Base in Resources */ = {isa = PBXBuildFile; fileRef = 3A9A2A932C2CC3B000DDF8BC /* Base */; };
		3A9A2A962C2CC3B100DDF8BC /* Assets.xcassets in Resources */ = {isa = PBXBuildFile; fileRef = 3A9A2A952C2CC3B100DDF8BC /* Assets.xcassets */; };
		3A9A2A992C2CC3B100DDF8BC /* Base in Resources */ = {isa = PBXBuildFile; fileRef = 3A9A2A982C2CC3B100DDF8BC /* Base */; };
		3A9A2AA22C2CDAC000DDF8BC /* LoanLogic.swift in Sources */ = {isa = PBXBuildFile; fileRef = 3A9A2AA12C2CDAC000DDF8BC /* LoanLogic.swift */; };
		3A9A2AA72C2CE07F00DDF8BC /* CurrencyView.swift in Sources */ = {isa = PBXBuildFile; fileRef = 3A9A2AA62C2CE07F00DDF8BC /* CurrencyView.swift */; };
/* End PBXBuildFile section */

/* Begin PBXFileReference section */
		3A9A2A892C2CC3B000DDF8BC /* Mod_6_Original.app */ = {isa = PBXFileReference; explicitFileType = wrapper.application; includeInIndex = 0; path = Mod_6_Original.app; sourceTree = BUILT_PRODUCTS_DIR; };
		3A9A2A8C2C2CC3B000DDF8BC /* AppDelegate.swift */ = {isa = PBXFileReference; lastKnownFileType = sourcecode.swift; path = AppDelegate.swift; sourceTree = "<group>"; };
		3A9A2A8E2C2CC3B000DDF8BC /* SceneDelegate.swift */ = {isa = PBXFileReference; lastKnownFileType = sourcecode.swift; path = SceneDelegate.swift; sourceTree = "<group>"; };
		3A9A2A902C2CC3B000DDF8BC /* ViewController.swift */ = {isa = PBXFileReference; lastKnownFileType = sourcecode.swift; path = ViewController.swift; sourceTree = "<group>"; };
		3A9A2A932C2CC3B000DDF8BC /* Base */ = {isa = PBXFileReference; lastKnownFileType = file.storyboard; name = Base; path = Base.lproj/Main.storyboard; sourceTree = "<group>"; };
		3A9A2A952C2CC3B100DDF8BC /* Assets.xcassets */ = {isa = PBXFileReference; lastKnownFileType = folder.assetcatalog; path = Assets.xcassets; sourceTree = "<group>"; };
		3A9A2A982C2CC3B100DDF8BC /* Base */ = {isa = PBXFileReference; lastKnownFileType = file.storyboard; name = Base; path = Base.lproj/LaunchScreen.storyboard; sourceTree = "<group>"; };
		3A9A2A9A2C2CC3B100DDF8BC /* Info.plist */ = {isa = PBXFileReference; lastKnownFileType = text.plist.xml; path = Info.plist; sourceTree = "<group>"; };
		3A9A2AA12C2CDAC000DDF8BC /* LoanLogic.swift */ = {isa = PBXFileReference; lastKnownFileType = sourcecode.swift; path = LoanLogic.swift; sourceTree = "<group>"; };
		3A9A2AA62C2CE07F00DDF8BC /* CurrencyView.swift */ = {isa = PBXFileReference; lastKnownFileType = sourcecode.swift; path = CurrencyView.swift; sourceTree = "<group>"; };
/* End PBXFileReference section */

/* Begin PBXFrameworksBuildPhase section */
		3A9A2A862C2CC3B000DDF8BC /* Frameworks */ = {
			isa = PBXFrameworksBuildPhase;
			buildActionMask = 2147483647;
			files = (
			);
			runOnlyForDeploymentPostprocessing = 0;
		};
/* End PBXFrameworksBuildPhase section */

/* Begin PBXGroup section */
		3A9A2A802C2CC3B000DDF8BC = {
			isa = PBXGroup;
			children = (
				3A9A2A8B2C2CC3B000DDF8BC /* Mod_6_Original */,
				3A9A2A8A2C2CC3B000DDF8BC /* Products */,
			);
			sourceTree = "<group>";
		};
		3A9A2A8A2C2CC3B000DDF8BC /* Products */ = {
			isa = PBXGroup;
			children = (
				3A9A2A892C2CC3B000DDF8BC /* Mod_6_Original.app */,
			);
			name = Products;
			sourceTree = "<group>";
		};
		3A9A2A8B2C2CC3B000DDF8BC /* Mod_6_Original */ = {
			isa = PBXGroup;
			children = (
				3A9A2A8C2C2CC3B000DDF8BC /* AppDelegate.swift */,
				3A9A2A8E2C2CC3B000DDF8BC /* SceneDelegate.swift */,
				3A9A2AA02C2CDA3200DDF8BC /* Model */,
				3A9A2AA32C2CDBF200DDF8BC /* View */,
				3A9A2A922C2CC3B000DDF8BC /* Main.storyboard */,
				3A9A2A952C2CC3B100DDF8BC /* Assets.xcassets */,
				3A9A2A972C2CC3B100DDF8BC /* LaunchScreen.storyboard */,
				3A9A2A9A2C2CC3B100DDF8BC /* Info.plist */,
			);
			path = Mod_6_Original;
			sourceTree = "<group>";
		};
		3A9A2AA02C2CDA3200DDF8BC /* Model */ = {
			isa = PBXGroup;
			children = (
				3A9A2AA12C2CDAC000DDF8BC /* LoanLogic.swift */,
			);
			path = Model;
			sourceTree = "<group>";
		};
		3A9A2AA32C2CDBF200DDF8BC /* View */ = {
			isa = PBXGroup;
			children = (
				3A9A2A902C2CC3B000DDF8BC /* ViewController.swift */,
				3A9A2AA62C2CE07F00DDF8BC /* CurrencyView.swift */,
			);
			path = View;
			sourceTree = "<group>";
		};
/* End PBXGroup section */

/* Begin PBXNativeTarget section */
		3A9A2A882C2CC3B000DDF8BC /* Mod_6_Original */ = {
			isa = PBXNativeTarget;
			buildConfigurationList = 3A9A2A9D2C2CC3B100DDF8BC /* Build configuration list for PBXNativeTarget "Mod_6_Original" */;
			buildPhases = (
				3A9A2A852C2CC3B000DDF8BC /* Sources */,
				3A9A2A862C2CC3B000DDF8BC /* Frameworks */,
				3A9A2A872C2CC3B000DDF8BC /* Resources */,
			);
			buildRules = (
			);
			dependencies = (
			);
			name = Mod_6_Original;
			productName = Mod_6_Original;
			productReference = 3A9A2A892C2CC3B000DDF8BC /* Mod_6_Original.app */;
			productType = "com.apple.product-type.application";
		};
/* End PBXNativeTarget section */

/* Begin PBXProject section */
		3A9A2A812C2CC3B000DDF8BC /* Project object */ = {
			isa = PBXProject;
			attributes = {
				BuildIndependentTargetsInParallel = 1;
				LastSwiftUpdateCheck = 1540;
				LastUpgradeCheck = 1540;
				TargetAttributes = {
					3A9A2A882C2CC3B000DDF8BC = {
						CreatedOnToolsVersion = 15.4;
					};
				};
			};
			buildConfigurationList = 3A9A2A842C2CC3B000DDF8BC /* Build configuration list for PBXProject "Mod_6_Original" */;
			compatibilityVersion = "Xcode 14.0";
			developmentRegion = en;
			hasScannedForEncodings = 0;
			knownRegions = (
				en,
				Base,
			);
			mainGroup = 3A9A2A802C2CC3B000DDF8BC;
			productRefGroup = 3A9A2A8A2C2CC3B000DDF8BC /* Products */;
			projectDirPath = "";
			projectRoot = "";
			targets = (
				3A9A2A882C2CC3B000DDF8BC /* Mod_6_Original */,
			);
		};
/* End PBXProject section */

/* Begin PBXResourcesBuildPhase section */
		3A9A2A872C2CC3B000DDF8BC /* Resources */ = {
			isa = PBXResourcesBuildPhase;
			buildActionMask = 2147483647;
			files = (
				3A9A2A962C2CC3B100DDF8BC /* Assets.xcassets in Resources */,
				3A9A2A992C2CC3B100DDF8BC /* Base in Resources */,
				3A9A2A942C2CC3B000DDF8BC /* Base in Resources */,
			);
			runOnlyForDeploymentPostprocessing = 0;
		};
/* End PBXResourcesBuildPhase section */

/* Begin PBXSourcesBuildPhase section */
		3A9A2A852C2CC3B000DDF8BC /* Sources */ = {
			isa = PBXSourcesBuildPhase;
			buildActionMask = 2147483647;
			files = (
				3A9A2A912C2CC3B000DDF8BC /* ViewController.swift in Sources */,
				3A9A2AA72C2CE07F00DDF8BC /* CurrencyView.swift in Sources */,
				3A9A2A8D2C2CC3B000DDF8BC /* AppDelegate.swift in Sources */,
				3A9A2AA22C2CDAC000DDF8BC /* LoanLogic.swift in Sources */,
				3A9A2A8F2C2CC3B000DDF8BC /* SceneDelegate.swift in Sources */,
			);
			runOnlyForDeploymentPostprocessing = 0;
		};
/* End PBXSourcesBuildPhase section */

/* Begin PBXVariantGroup section */
		3A9A2A922C2CC3B000DDF8BC /* Main.storyboard */ = {
			isa = PBXVariantGroup;
			children = (
				3A9A2A932C2CC3B000DDF8BC /* Base */,
			);
			name = Main.storyboard;
			sourceTree = "<group>";
		};
		3A9A2A972C2CC3B100DDF8BC /* LaunchScreen.storyboard */ = {
			isa = PBXVariantGroup;
			children = (
				3A9A2A982C2CC3B100DDF8BC /* Base */,
			);
			name = LaunchScreen.storyboard;
			sourceTree = "<group>";
		};
/* End PBXVariantGroup section */

/* Begin XCBuildConfiguration section */
		3A9A2A9B2C2CC3B100DDF8BC /* Debug */ = {
			isa = XCBuildConfiguration;
			buildSettings = {
				ALWAYS_SEARCH_USER_PATHS = NO;
				ASSETCATALOG_COMPILER_GENERATE_SWIFT_ASSET_SYMBOL_EXTENSIONS = YES;
				CLANG_ANALYZER_NONNULL = YES;
				CLANG_ANALYZER_NUMBER_OBJECT_CONVERSION = YES_AGGRESSIVE;
				CLANG_CXX_LANGUAGE_STANDARD = "gnu++20";
				CLANG_ENABLE_MODULES = YES;
				CLANG_ENABLE_OBJC_ARC = YES;
				CLANG_ENABLE_OBJC_WEAK = YES;
				CLANG_WARN_BLOCK_CAPTURE_AUTORELEASING = YES;
				CLANG_WARN_BOOL_CONVERSION = YES;
				CLANG_WARN_COMMA = YES;
				CLANG_WARN_CONSTANT_CONVERSION = YES;
				CLANG_WARN_DEPRECATED_OBJC_IMPLEMENTATIONS = YES;
				CLANG_WARN_DIRECT_OBJC_ISA_USAGE = YES_ERROR;
				CLANG_WARN_DOCUMENTATION_COMMENTS = YES;
				CLANG_WARN_EMPTY_BODY = YES;
				CLANG_WARN_ENUM_CONVERSION = YES;
				CLANG_WARN_INFINITE_RECURSION = YES;
				CLANG_WARN_INT_CONVERSION = YES;
				CLANG_WARN_NON_LITERAL_NULL_CONVERSION = YES;
				CLANG_WARN_OBJC_IMPLICIT_RETAIN_SELF = YES;
				CLANG_WARN_OBJC_LITERAL_CONVERSION = YES;
				CLANG_WARN_OBJC_ROOT_CLASS = YES_ERROR;
				CLANG_WARN_QUOTED_INCLUDE_IN_FRAMEWORK_HEADER = YES;
				CLANG_WARN_RANGE_LOOP_ANALYSIS = YES;
				CLANG_WARN_STRICT_PROTOTYPES = YES;
				CLANG_WARN_SUSPICIOUS_MOVE = YES;
				CLANG_WARN_UNGUARDED_AVAILABILITY = YES_AGGRESSIVE;
				CLANG_WARN_UNREACHABLE_CODE = YES;
				CLANG_WARN__DUPLICATE_METHOD_MATCH = YES;
				COPY_PHASE_STRIP = NO;
				DEBUG_INFORMATION_FORMAT = dwarf;
				ENABLE_STRICT_OBJC_MSGSEND = YES;
				ENABLE_TESTABILITY = YES;
				ENABLE_USER_SCRIPT_SANDBOXING = YES;
				GCC_C_LANGUAGE_STANDARD = gnu17;
				GCC_DYNAMIC_NO_PIC = NO;
				GCC_NO_COMMON_BLOCKS = YES;
				GCC_OPTIMIZATION_LEVEL = 0;
				GCC_PREPROCESSOR_DEFINITIONS = (
					"DEBUG=1",
					"$(inherited)",
				);
				GCC_WARN_64_TO_32_BIT_CONVERSION = YES;
				GCC_WARN_ABOUT_RETURN_TYPE = YES_ERROR;
				GCC_WARN_UNDECLARED_SELECTOR = YES;
				GCC_WARN_UNINITIALIZED_AUTOS = YES_AGGRESSIVE;
				GCC_WARN_UNUSED_FUNCTION = YES;
				GCC_WARN_UNUSED_VARIABLE = YES;
				IPHONEOS_DEPLOYMENT_TARGET = 17.5;
				LOCALIZATION_PREFERS_STRING_CATALOGS = YES;
				MTL_ENABLE_DEBUG_INFO = INCLUDE_SOURCE;
				MTL_FAST_MATH = YES;
				ONLY_ACTIVE_ARCH = YES;
				SDKROOT = iphoneos;
				SWIFT_ACTIVE_COMPILATION_CONDITIONS = "DEBUG $(inherited)";
				SWIFT_OPTIMIZATION_LEVEL = "-Onone";
			};
			name = Debug;
		};
		3A9A2A9C2C2CC3B100DDF8BC /* Release */ = {
			isa = XCBuildConfiguration;
			buildSettings = {
				ALWAYS_SEARCH_USER_PATHS = NO;
				ASSETCATALOG_COMPILER_GENERATE_SWIFT_ASSET_SYMBOL_EXTENSIONS = YES;
				CLANG_ANALYZER_NONNULL = YES;
				CLANG_ANALYZER_NUMBER_OBJECT_CONVERSION = YES_AGGRESSIVE;
				CLANG_CXX_LANGUAGE_STANDARD = "gnu++20";
				CLANG_ENABLE_MODULES = YES;
				CLANG_ENABLE_OBJC_ARC = YES;
				CLANG_ENABLE_OBJC_WEAK = YES;
				CLANG_WARN_BLOCK_CAPTURE_AUTORELEASING = YES;
				CLANG_WARN_BOOL_CONVERSION = YES;
				CLANG_WARN_COMMA = YES;
				CLANG_WARN_CONSTANT_CONVERSION = YES;
				CLANG_WARN_DEPRECATED_OBJC_IMPLEMENTATIONS = YES;
				CLANG_WARN_DIRECT_OBJC_ISA_USAGE = YES_ERROR;
				CLANG_WARN_DOCUMENTATION_COMMENTS = YES;
				CLANG_WARN_EMPTY_BODY = YES;
				CLANG_WARN_ENUM_CONVERSION = YES;
				CLANG_WARN_INFINITE_RECURSION = YES;
				CLANG_WARN_INT_CONVERSION = YES;
				CLANG_WARN_NON_LITERAL_NULL_CONVERSION = YES;
				CLANG_WARN_OBJC_IMPLICIT_RETAIN_SELF = YES;
				CLANG_WARN_OBJC_LITERAL_CONVERSION = YES;
				CLANG_WARN_OBJC_ROOT_CLASS = YES_ERROR;
				CLANG_WARN_QUOTED_INCLUDE_IN_FRAMEWORK_HEADER = YES;
				CLANG_WARN_RANGE_LOOP_ANALYSIS = YES;
				CLANG_WARN_STRICT_PROTOTYPES = YES;
				CLANG_WARN_SUSPICIOUS_MOVE = YES;
				CLANG_WARN_UNGUARDED_AVAILABILITY = YES_AGGRESSIVE;
				CLANG_WARN_UNREACHABLE_CODE = YES;
				CLANG_WARN__DUPLICATE_METHOD_MATCH = YES;
				COPY_PHASE_STRIP = NO;
				DEBUG_INFORMATION_FORMAT = "dwarf-with-dsym";
				ENABLE_NS_ASSERTIONS = NO;
				ENABLE_STRICT_OBJC_MSGSEND = YES;
				ENABLE_USER_SCRIPT_SANDBOXING = YES;
				GCC_C_LANGUAGE_STANDARD = gnu17;
				GCC_NO_COMMON_BLOCKS = YES;
				GCC_WARN_64_TO_32_BIT_CONVERSION = YES;
				GCC_WARN_ABOUT_RETURN_TYPE = YES_ERROR;
				GCC_WARN_UNDECLARED_SELECTOR = YES;
				GCC_WARN_UNINITIALIZED_AUTOS = YES_AGGRESSIVE;
				GCC_WARN_UNUSED_FUNCTION = YES;
				GCC_WARN_UNUSED_VARIABLE = YES;
				IPHONEOS_DEPLOYMENT_TARGET = 17.5;
				LOCALIZATION_PREFERS_STRING_CATALOGS = YES;
				MTL_ENABLE_DEBUG_INFO = NO;
				MTL_FAST_MATH = YES;
				SDKROOT = iphoneos;
				SWIFT_COMPILATION_MODE = wholemodule;
				VALIDATE_PRODUCT = YES;
			};
			name = Release;
		};
		3A9A2A9E2C2CC3B100DDF8BC /* Debug */ = {
			isa = XCBuildConfiguration;
			buildSettings = {
				ASSETCATALOG_COMPILER_APPICON_NAME = AppIcon;
				ASSETCATALOG_COMPILER_GLOBAL_ACCENT_COLOR_NAME = AccentColor;
				CODE_SIGN_STYLE = Automatic;
				CURRENT_PROJECT_VERSION = 1;
				GENERATE_INFOPLIST_FILE = YES;
				INFOPLIST_FILE = Mod_6_Original/Info.plist;
				INFOPLIST_KEY_UIApplicationSupportsIndirectInputEvents = YES;
				INFOPLIST_KEY_UILaunchStoryboardName = LaunchScreen;
				INFOPLIST_KEY_UIMainStoryboardFile = Main;
				INFOPLIST_KEY_UISupportedInterfaceOrientations_iPad = "UIInterfaceOrientationPortrait UIInterfaceOrientationPortraitUpsideDown UIInterfaceOrientationLandscapeLeft UIInterfaceOrientationLandscapeRight";
				INFOPLIST_KEY_UISupportedInterfaceOrientations_iPhone = "UIInterfaceOrientationPortrait UIInterfaceOrientationLandscapeLeft UIInterfaceOrientationLandscapeRight";
				LD_RUNPATH_SEARCH_PATHS = (
					"$(inherited)",
					"@executable_path/Frameworks",
				);
				MARKETING_VERSION = 1.0;
				PRODUCT_BUNDLE_IDENTIFIER = "edu.auburn.onlinecsse.Mod-6-Original";
				PRODUCT_NAME = "$(TARGET_NAME)";
				SWIFT_EMIT_LOC_STRINGS = YES;
				SWIFT_VERSION = 5.0;
				TARGETED_DEVICE_FAMILY = "1,2";
			};
			name = Debug;
		};
		3A9A2A9F2C2CC3B100DDF8BC /* Release */ = {
			isa = XCBuildConfiguration;
			buildSettings = {
				ASSETCATALOG_COMPILER_APPICON_NAME = AppIcon;
				ASSETCATALOG_COMPILER_GLOBAL_ACCENT_COLOR_NAME = AccentColor;
				CODE_SIGN_STYLE = Automatic;
				CURRENT_PROJECT_VERSION = 1;
				GENERATE_INFOPLIST_FILE = YES;
				INFOPLIST_FILE = Mod_6_Original/Info.plist;
				INFOPLIST_KEY_UIApplicationSupportsIndirectInputEvents = YES;
				INFOPLIST_KEY_UILaunchStoryboardName = LaunchScreen;
				INFOPLIST_KEY_UIMainStoryboardFile = Main;
				INFOPLIST_KEY_UISupportedInterfaceOrientations_iPad = "UIInterfaceOrientationPortrait UIInterfaceOrientationPortraitUpsideDown UIInterfaceOrientationLandscapeLeft UIInterfaceOrientationLandscapeRight";
				INFOPLIST_KEY_UISupportedInterfaceOrientations_iPhone = "UIInterfaceOrientationPortrait UIInterfaceOrientationLandscapeLeft UIInterfaceOrientationLandscapeRight";
				LD_RUNPATH_SEARCH_PATHS = (
					"$(inherited)",
					"@executable_path/Frameworks",
				);
				MARKETING_VERSION = 1.0;
				PRODUCT_BUNDLE_IDENTIFIER = "edu.auburn.onlinecsse.Mod-6-Original";
				PRODUCT_NAME = "$(TARGET_NAME)";
				SWIFT_EMIT_LOC_STRINGS = YES;
				SWIFT_VERSION = 5.0;
				TARGETED_DEVICE_FAMILY = "1,2";
			};
			name = Release;
		};
/* End XCBuildConfiguration section */

/* Begin XCConfigurationList section */
		3A9A2A842C2CC3B000DDF8BC /* Build configuration list for PBXProject "Mod_6_Original" */ = {
			isa = XCConfigurationList;
			buildConfigurations = (
				3A9A2A9B2C2CC3B100DDF8BC /* Debug */,
				3A9A2A9C2C2CC3B100DDF8BC /* Release */,
			);
			defaultConfigurationIsVisible = 0;
			defaultConfigurationName = Release;
		};
		3A9A2A9D2C2CC3B100DDF8BC /* Build configuration list for PBXNativeTarget "Mod_6_Original" */ = {
			isa = XCConfigurationList;
			buildConfigurations = (
				3A9A2A9E2C2CC3B100DDF8BC /* Debug */,
				3A9A2A9F2C2CC3B100DDF8BC /* Release */,
			);
			defaultConfigurationIsVisible = 0;
			defaultConfigurationName = Release;
		};
/* End XCConfigurationList section */
	};
	rootObject = 3A9A2A812C2CC3B000DDF8BC /* Project object */;
}
